// !$*UTF8*$!
{
	archiveVersion = 1;
	classes = {
	};
	objectVersion = 46;
	objects = {

/* Begin PBXBuildFile section */
		9929D5D61EA8CC7B001FE437 /* gsimpleExec.c in Sources */ = {isa = PBXBuildFile; fileRef = 9929D5D51EA8CC7B001FE437 /* gsimpleExec.c */; };
/* End PBXBuildFile section */

/* Begin PBXCopyFilesBuildPhase section */
		999F9A971EA0045200C9D2AA /* CopyFiles */ = {
			isa = PBXCopyFilesBuildPhase;
			buildActionMask = 2147483647;
			dstPath = /usr/share/man/man1/;
			dstSubfolderSpec = 0;
			files = (
			);
			runOnlyForDeploymentPostprocessing = 1;
		};
/* End PBXCopyFilesBuildPhase section */

/* Begin PBXFileReference section */
		9923FB481EA251C5004908A7 /* Simple Exec.c */ = {isa = PBXFileReference; fileEncoding = 4; lastKnownFileType = sourcecode.c.c; path = "Simple Exec.c"; sourceTree = "<group>"; };
		9929D5D51EA8CC7B001FE437 /* gsimpleExec.c */ = {isa = PBXFileReference; fileEncoding = 4; lastKnownFileType = sourcecode.c.c; path = gsimpleExec.c; sourceTree = "<group>"; };
		99368A6C1EA542E300D13F11 /* Simple Shell.c */ = {isa = PBXFileReference; fileEncoding = 4; lastKnownFileType = sourcecode.c.c; path = "Simple Shell.c"; sourceTree = "<group>"; };
		999F9A991EA0045200C9D2AA /* System_Assignmetn2 */ = {isa = PBXFileReference; explicitFileType = "compiled.mach-o.executable"; includeInIndex = 0; path = System_Assignmetn2; sourceTree = BUILT_PRODUCTS_DIR; };
		999F9A9C1EA0045200C9D2AA /* All.c */ = {isa = PBXFileReference; lastKnownFileType = sourcecode.c.c; path = All.c; sourceTree = "<group>"; };
		999F9AA41EA0051000C9D2AA /* color.h */ = {isa = PBXFileReference; lastKnownFileType = sourcecode.c.h; path = color.h; sourceTree = "<group>"; };
/* End PBXFileReference section */

/* Begin PBXFrameworksBuildPhase section */
		999F9A961EA0045200C9D2AA /* Frameworks */ = {
			isa = PBXFrameworksBuildPhase;
			buildActionMask = 2147483647;
			files = (
			);
			runOnlyForDeploymentPostprocessing = 0;
		};
/* End PBXFrameworksBuildPhase section */

/* Begin PBXGroup section */
		999F9A901EA0045200C9D2AA = {
			isa = PBXGroup;
			children = (
				999F9AA41EA0051000C9D2AA /* color.h */,
				999F9A9B1EA0045200C9D2AA /* System_Assignmetn2 */,
				999F9A9A1EA0045200C9D2AA /* Products */,
			);
			sourceTree = "<group>";
		};
		999F9A9A1EA0045200C9D2AA /* Products */ = {
			isa = PBXGroup;
			children = (
				999F9A991EA0045200C9D2AA /* System_Assignmetn2 */,
			);
			name = Products;
			sourceTree = "<group>";
		};
		999F9A9B1EA0045200C9D2AA /* System_Assignmetn2 */ = {
			isa = PBXGroup;
			children = (
				999F9A9C1EA0045200C9D2AA /* All.c */,
				9923FB481EA251C5004908A7 /* Simple Exec.c */,
				99368A6C1EA542E300D13F11 /* Simple Shell.c */,
				9929D5D51EA8CC7B001FE437 /* gsimpleExec.c */,
			);
			path = System_Assignmetn2;
			sourceTree = "<group>";
		};
/* End PBXGroup section */

/* Begin PBXNativeTarget section */
		999F9A981EA0045200C9D2AA /* System_Assignmetn2 */ = {
			isa = PBXNativeTarget;
			buildConfigurationList = 999F9AA01EA0045200C9D2AA /* Build configuration list for PBXNativeTarget "System_Assignmetn2" */;
			buildPhases = (
				999F9A951EA0045200C9D2AA /* Sources */,
				999F9A961EA0045200C9D2AA /* Frameworks */,
				999F9A971EA0045200C9D2AA /* CopyFiles */,
			);
			buildRules = (
			);
			dependencies = (
			);
			name = System_Assignmetn2;
			productName = System_Assignmetn2;
			productReference = 999F9A991EA0045200C9D2AA /* System_Assignmetn2 */;
			productType = "com.apple.product-type.tool";
		};
/* End PBXNativeTarget section */

/* Begin PBXProject section */
		999F9A911EA0045200C9D2AA /* Project object */ = {
			isa = PBXProject;
			attributes = {
				LastUpgradeCheck = 0830;
				ORGANIZATIONNAME = "Arsalan Iravani";
				TargetAttributes = {
					999F9A981EA0045200C9D2AA = {
						CreatedOnToolsVersion = 8.3.1;
						DevelopmentTeam = G7CN72P9F4;
						ProvisioningStyle = Automatic;
					};
				};
			};
			buildConfigurationList = 999F9A941EA0045200C9D2AA /* Build configuration list for PBXProject "System_Assignmetn2" */;
			compatibilityVersion = "Xcode 3.2";
			developmentRegion = English;
			hasScannedForEncodings = 0;
			knownRegions = (
				en,
			);
			mainGroup = 999F9A901EA0045200C9D2AA;
			productRefGroup = 999F9A9A1EA0045200C9D2AA /* Products */;
			projectDirPath = "";
			projectRoot = "";
			targets = (
				999F9A981EA0045200C9D2AA /* System_Assignmetn2 */,
			);
		};
/* End PBXProject section */

/* Begin PBXSourcesBuildPhase section */
		999F9A951EA0045200C9D2AA /* Sources */ = {
			isa = PBXSourcesBuildPhase;
			buildActionMask = 2147483647;
			files = (
				9929D5D61EA8CC7B001FE437 /* gsimpleExec.c in Sources */,
			);
			runOnlyForDeploymentPostprocessing = 0;
		};
/* End PBXSourcesBuildPhase section */

/* Begin XCBuildConfiguration section */
		999F9A9E1EA0045200C9D2AA /* Debug */ = {
			isa = XCBuildConfiguration;
			buildSettings = {
				ALWAYS_SEARCH_USER_PATHS = NO;
				CLANG_ANALYZER_NONNULL = YES;
				CLANG_ANALYZER_NUMBER_OBJECT_CONVERSION = YES_AGGRESSIVE;
				CLANG_CXX_LANGUAGE_STANDARD = "gnu++0x";
				CLANG_CXX_LIBRARY = "libc++";
				CLANG_ENABLE_MODULES = YES;
				CLANG_ENABLE_OBJC_ARC = YES;
				CLANG_WARN_BOOL_CONVERSION = YES;
				CLANG_WARN_CONSTANT_CONVERSION = YES;
				CLANG_WARN_DIRECT_OBJC_ISA_USAGE = YES_ERROR;
				CLANG_WARN_DOCUMENTATION_COMMENTS = YES;
				CLANG_WARN_EMPTY_BODY = YES;
				CLANG_WARN_ENUM_CONVERSION = YES;
				CLANG_WARN_INFINITE_RECURSION = YES;
				CLANG_WARN_INT_CONVERSION = YES;
				CLANG_WARN_OBJC_ROOT_CLASS = YES_ERROR;
				CLANG_WARN_SUSPICIOUS_MOVE = YES;
				CLANG_WARN_UNREACHABLE_CODE = YES;
				CLANG_WARN__DUPLICATE_METHOD_MATCH = YES;
				CODE_SIGN_IDENTITY = "-";
				COPY_PHASE_STRIP = NO;
				DEBUG_INFORMATION_FORMAT = dwarf;
				ENABLE_STRICT_OBJC_MSGSEND = YES;
				ENABLE_TESTABILITY = YES;
				GCC_C_LANGUAGE_STANDARD = gnu99;
				GCC_DYNAMIC_NO_PIC = NO;
				GCC_NO_COMMON_BLOCKS = YES;
				GCC_OPTIMIZATION_LEVEL = 0;
				GCC_PREPROCESSOR_DEFINITIONS = (
					"DEBUG=1",
					"$(inherited)",
				);
				GCC_WARN_64_TO_32_BIT_CONVERSION = YES;
				GCC_WARN_ABOUT_RETURN_TYPE = YES_ERROR;
				GCC_WARN_UNDECLARED_SELECTOR = YES;
				GCC_WARN_UNINITIALIZED_AUTOS = YES_AGGRESSIVE;
				GCC_WARN_UNUSED_FUNCTION = YES;
				GCC_WARN_UNUSED_VARIABLE = YES;
				MACOSX_DEPLOYMENT_TARGET = 10.12;
				MTL_ENABLE_DEBUG_INFO = YES;
				ONLY_ACTIVE_ARCH = YES;
				SDKROOT = macosx;
			};
			name = Debug;
		};
		999F9A9F1EA0045200C9D2AA /* Release */ = {
			isa = XCBuildConfiguration;
			buildSettings = {
				ALWAYS_SEARCH_USER_PATHS = NO;
				CLANG_ANALYZER_NONNULL = YES;
				CLANG_ANALYZER_NUMBER_OBJECT_CONVERSION = YES_AGGRESSIVE;
				CLANG_CXX_LANGUAGE_STANDARD = "gnu++0x";
				CLANG_CXX_LIBRARY = "libc++";
				CLANG_ENABLE_MODULES = YES;
				CLANG_ENABLE_OBJC_ARC = YES;
				CLANG_WARN_BOOL_CONVERSION = YES;
				CLANG_WARN_CONSTANT_CONVERSION = YES;
				CLANG_WARN_DIRECT_OBJC_ISA_USAGE = YES_ERROR;
				CLANG_WARN_DOCUMENTATION_COMMENTS = YES;
				CLANG_WARN_EMPTY_BODY = YES;
				CLANG_WARN_ENUM_CONVERSION = YES;
				CLANG_WARN_INFINITE_RECURSION = YES;
				CLANG_WARN_INT_CONVERSION = YES;
				CLANG_WARN_OBJC_ROOT_CLASS = YES_ERROR;
				CLANG_WARN_SUSPICIOUS_MOVE = YES;
				CLANG_WARN_UNREACHABLE_CODE = YES;
				CLANG_WARN__DUPLICATE_METHOD_MATCH = YES;
				CODE_SIGN_IDENTITY = "-";
				COPY_PHASE_STRIP = NO;
				DEBUG_INFORMATION_FORMAT = "dwarf-with-dsym";
				ENABLE_NS_ASSERTIONS = NO;
				ENABLE_STRICT_OBJC_MSGSEND = YES;
				GCC_C_LANGUAGE_STANDARD = gnu99;
				GCC_NO_COMMON_BLOCKS = YES;
				GCC_WARN_64_TO_32_BIT_CONVERSION = YES;
				GCC_WARN_ABOUT_RETURN_TYPE = YES_ERROR;
				GCC_WARN_UNDECLARED_SELECTOR = YES;
				GCC_WARN_UNINITIALIZED_AUTOS = YES_AGGRESSIVE;
				GCC_WARN_UNUSED_FUNCTION = YES;
				GCC_WARN_UNUSED_VARIABLE = YES;
				MACOSX_DEPLOYMENT_TARGET = 10.12;
				MTL_ENABLE_DEBUG_INFO = NO;
				SDKROOT = macosx;
			};
			name = Release;
		};
		999F9AA11EA0045200C9D2AA /* Debug */ = {
			isa = XCBuildConfiguration;
			buildSettings = {
				CODE_SIGN_IDENTITY = "Mac Developer";
				DEVELOPMENT_TEAM = "";
				MACOSX_DEPLOYMENT_TARGET = 10.12;
				PRODUCT_NAME = "$(TARGET_NAME)";
				PROVISIONING_PROFILE_SPECIFIER = "";
			};
			name = Debug;
		};
		999F9AA21EA0045200C9D2AA /* Release */ = {
			isa = XCBuildConfiguration;
			buildSettings = {
				CODE_SIGN_IDENTITY = "Mac Developer";
				DEVELOPMENT_TEAM = "";
				MACOSX_DEPLOYMENT_TARGET = 10.12;
				PRODUCT_NAME = "$(TARGET_NAME)";
				PROVISIONING_PROFILE_SPECIFIER = "";
			};
			name = Release;
		};
/* End XCBuildConfiguration section */

/* Begin XCConfigurationList section */
		999F9A941EA0045200C9D2AA /* Build configuration list for PBXProject "System_Assignmetn2" */ = {
			isa = XCConfigurationList;
			buildConfigurations = (
				999F9A9E1EA0045200C9D2AA /* Debug */,
				999F9A9F1EA0045200C9D2AA /* Release */,
			);
			defaultConfigurationIsVisible = 0;
			defaultConfigurationName = Release;
		};
		999F9AA01EA0045200C9D2AA /* Build configuration list for PBXNativeTarget "System_Assignmetn2" */ = {
			isa = XCConfigurationList;
			buildConfigurations = (
				999F9AA11EA0045200C9D2AA /* Debug */,
				999F9AA21EA0045200C9D2AA /* Release */,
			);
			defaultConfigurationIsVisible = 0;
			defaultConfigurationName = Release;
		};
/* End XCConfigurationList section */
	};
	rootObject = 999F9A911EA0045200C9D2AA /* Project object */;
}
