// !$*UTF8*$!
{
	archiveVersion = 1;
	classes = {
	};
	objectVersion = 46;
	objects = {

/* Begin PBXBuildFile section */
		99325B1A1EB66F7700A5A65E /* Signal Blocking - blocker.c in Sources */ = {isa = PBXBuildFile; fileRef = 99325B121EB6420D00A5A65E /* Signal Blocking - blocker.c */; };
/* End PBXBuildFile section */

/* Begin PBXCopyFilesBuildPhase section */
		996FFD5F1EA730D9003EDC0D /* CopyFiles */ = {
			isa = PBXCopyFilesBuildPhase;
			buildActionMask = 2147483647;
			dstPath = /usr/share/man/man1/;
			dstSubfolderSpec = 0;
			files = (
			);
			runOnlyForDeploymentPostprocessing = 1;
		};
/* End PBXCopyFilesBuildPhase section */

/* Begin PBXFileReference section */
		99325B101EB640DF00A5A65E /* Double Quit - double quit.c */ = {isa = PBXFileReference; fileEncoding = 4; lastKnownFileType = sourcecode.c.c; path = "Double Quit - double quit.c"; sourceTree = "<group>"; };
		99325B121EB6420D00A5A65E /* Signal Blocking - blocker.c */ = {isa = PBXFileReference; fileEncoding = 4; lastKnownFileType = sourcecode.c.c; path = "Signal Blocking - blocker.c"; sourceTree = "<group>"; };
		99325B141EB659ED00A5A65E /* test.c */ = {isa = PBXFileReference; fileEncoding = 4; lastKnownFileType = sourcecode.c.c; path = test.c; sourceTree = "<group>"; };
		996FFD611EA730D9003EDC0D /* TwiceInARow */ = {isa = PBXFileReference; explicitFileType = "compiled.mach-o.executable"; includeInIndex = 0; path = TwiceInARow; sourceTree = BUILT_PRODUCTS_DIR; };
		996FFD641EA730D9003EDC0D /* main.c */ = {isa = PBXFileReference; lastKnownFileType = sourcecode.c.c; path = main.c; sourceTree = "<group>"; };
/* End PBXFileReference section */

/* Begin PBXFrameworksBuildPhase section */
		996FFD5E1EA730D9003EDC0D /* Frameworks */ = {
			isa = PBXFrameworksBuildPhase;
			buildActionMask = 2147483647;
			files = (
			);
			runOnlyForDeploymentPostprocessing = 0;
		};
/* End PBXFrameworksBuildPhase section */

/* Begin PBXGroup section */
		996FFD581EA730D9003EDC0D = {
			isa = PBXGroup;
			children = (
				996FFD631EA730D9003EDC0D /* TwiceInARow */,
				996FFD621EA730D9003EDC0D /* Products */,
			);
			sourceTree = "<group>";
		};
		996FFD621EA730D9003EDC0D /* Products */ = {
			isa = PBXGroup;
			children = (
				996FFD611EA730D9003EDC0D /* TwiceInARow */,
			);
			name = Products;
			sourceTree = "<group>";
		};
		996FFD631EA730D9003EDC0D /* TwiceInARow */ = {
			isa = PBXGroup;
			children = (
				996FFD641EA730D9003EDC0D /* main.c */,
				99325B101EB640DF00A5A65E /* Double Quit - double quit.c */,
				99325B121EB6420D00A5A65E /* Signal Blocking - blocker.c */,
				99325B141EB659ED00A5A65E /* test.c */,
			);
			path = TwiceInARow;
			sourceTree = "<group>";
		};
/* End PBXGroup section */

/* Begin PBXNativeTarget section */
		996FFD601EA730D9003EDC0D /* TwiceInARow */ = {
			isa = PBXNativeTarget;
			buildConfigurationList = 996FFD681EA730D9003EDC0D /* Build configuration list for PBXNativeTarget "TwiceInARow" */;
			buildPhases = (
				996FFD5D1EA730D9003EDC0D /* Sources */,
				996FFD5E1EA730D9003EDC0D /* Frameworks */,
				996FFD5F1EA730D9003EDC0D /* CopyFiles */,
			);
			buildRules = (
			);
			dependencies = (
			);
			name = TwiceInARow;
			productName = TwiceInARow;
			productReference = 996FFD611EA730D9003EDC0D /* TwiceInARow */;
			productType = "com.apple.product-type.tool";
		};
/* End PBXNativeTarget section */

/* Begin PBXProject section */
		996FFD591EA730D9003EDC0D /* Project object */ = {
			isa = PBXProject;
			attributes = {
				LastUpgradeCheck = 0830;
				ORGANIZATIONNAME = "Arsalan Iravani";
				TargetAttributes = {
					996FFD601EA730D9003EDC0D = {
						CreatedOnToolsVersion = 8.3.1;
						DevelopmentTeam = G7CN72P9F4;
						ProvisioningStyle = Automatic;
					};
				};
			};
			buildConfigurationList = 996FFD5C1EA730D9003EDC0D /* Build configuration list for PBXProject "TwiceInARow" */;
			compatibilityVersion = "Xcode 3.2";
			developmentRegion = English;
			hasScannedForEncodings = 0;
			knownRegions = (
				en,
			);
			mainGroup = 996FFD581EA730D9003EDC0D;
			productRefGroup = 996FFD621EA730D9003EDC0D /* Products */;
			projectDirPath = "";
			projectRoot = "";
			targets = (
				996FFD601EA730D9003EDC0D /* TwiceInARow */,
			);
		};
/* End PBXProject section */

/* Begin PBXSourcesBuildPhase section */
		996FFD5D1EA730D9003EDC0D /* Sources */ = {
			isa = PBXSourcesBuildPhase;
			buildActionMask = 2147483647;
			files = (
				99325B1A1EB66F7700A5A65E /* Signal Blocking - blocker.c in Sources */,
			);
			runOnlyForDeploymentPostprocessing = 0;
		};
/* End PBXSourcesBuildPhase section */

/* Begin XCBuildConfiguration section */
		996FFD661EA730D9003EDC0D /* Debug */ = {
			isa = XCBuildConfiguration;
			buildSettings = {
				ALWAYS_SEARCH_USER_PATHS = NO;
				CLANG_ANALYZER_NONNULL = YES;
				CLANG_ANALYZER_NUMBER_OBJECT_CONVERSION = YES_AGGRESSIVE;
				CLANG_CXX_LANGUAGE_STANDARD = "gnu++0x";
				CLANG_CXX_LIBRARY = "libc++";
				CLANG_ENABLE_MODULES = YES;
				CLANG_ENABLE_OBJC_ARC = YES;
				CLANG_WARN_BOOL_CONVERSION = YES;
				CLANG_WARN_CONSTANT_CONVERSION = YES;
				CLANG_WARN_DIRECT_OBJC_ISA_USAGE = YES_ERROR;
				CLANG_WARN_DOCUMENTATION_COMMENTS = YES;
				CLANG_WARN_EMPTY_BODY = YES;
				CLANG_WARN_ENUM_CONVERSION = YES;
				CLANG_WARN_INFINITE_RECURSION = YES;
				CLANG_WARN_INT_CONVERSION = YES;
				CLANG_WARN_OBJC_ROOT_CLASS = YES_ERROR;
				CLANG_WARN_SUSPICIOUS_MOVE = YES;
				CLANG_WARN_UNREACHABLE_CODE = YES;
				CLANG_WARN__DUPLICATE_METHOD_MATCH = YES;
				CODE_SIGN_IDENTITY = "-";
				COPY_PHASE_STRIP = NO;
				DEBUG_INFORMATION_FORMAT = dwarf;
				ENABLE_STRICT_OBJC_MSGSEND = YES;
				ENABLE_TESTABILITY = YES;
				GCC_C_LANGUAGE_STANDARD = gnu99;
				GCC_DYNAMIC_NO_PIC = NO;
				GCC_NO_COMMON_BLOCKS = YES;
				GCC_OPTIMIZATION_LEVEL = 0;
				GCC_PREPROCESSOR_DEFINITIONS = (
					"DEBUG=1",
					"$(inherited)",
				);
				GCC_WARN_64_TO_32_BIT_CONVERSION = YES;
				GCC_WARN_ABOUT_RETURN_TYPE = YES_ERROR;
				GCC_WARN_UNDECLARED_SELECTOR = YES;
				GCC_WARN_UNINITIALIZED_AUTOS = YES_AGGRESSIVE;
				GCC_WARN_UNUSED_FUNCTION = YES;
				GCC_WARN_UNUSED_VARIABLE = YES;
				MACOSX_DEPLOYMENT_TARGET = 10.12;
				MTL_ENABLE_DEBUG_INFO = YES;
				ONLY_ACTIVE_ARCH = YES;
				SDKROOT = macosx;
			};
			name = Debug;
		};
		996FFD671EA730D9003EDC0D /* Release */ = {
			isa = XCBuildConfiguration;
			buildSettings = {
				ALWAYS_SEARCH_USER_PATHS = NO;
				CLANG_ANALYZER_NONNULL = YES;
				CLANG_ANALYZER_NUMBER_OBJECT_CONVERSION = YES_AGGRESSIVE;
				CLANG_CXX_LANGUAGE_STANDARD = "gnu++0x";
				CLANG_CXX_LIBRARY = "libc++";
				CLANG_ENABLE_MODULES = YES;
				CLANG_ENABLE_OBJC_ARC = YES;
				CLANG_WARN_BOOL_CONVERSION = YES;
				CLANG_WARN_CONSTANT_CONVERSION = YES;
				CLANG_WARN_DIRECT_OBJC_ISA_USAGE = YES_ERROR;
				CLANG_WARN_DOCUMENTATION_COMMENTS = YES;
				CLANG_WARN_EMPTY_BODY = YES;
				CLANG_WARN_ENUM_CONVERSION = YES;
				CLANG_WARN_INFINITE_RECURSION = YES;
				CLANG_WARN_INT_CONVERSION = YES;
				CLANG_WARN_OBJC_ROOT_CLASS = YES_ERROR;
				CLANG_WARN_SUSPICIOUS_MOVE = YES;
				CLANG_WARN_UNREACHABLE_CODE = YES;
				CLANG_WARN__DUPLICATE_METHOD_MATCH = YES;
				CODE_SIGN_IDENTITY = "-";
				COPY_PHASE_STRIP = NO;
				DEBUG_INFORMATION_FORMAT = "dwarf-with-dsym";
				ENABLE_NS_ASSERTIONS = NO;
				ENABLE_STRICT_OBJC_MSGSEND = YES;
				GCC_C_LANGUAGE_STANDARD = gnu99;
				GCC_NO_COMMON_BLOCKS = YES;
				GCC_WARN_64_TO_32_BIT_CONVERSION = YES;
				GCC_WARN_ABOUT_RETURN_TYPE = YES_ERROR;
				GCC_WARN_UNDECLARED_SELECTOR = YES;
				GCC_WARN_UNINITIALIZED_AUTOS = YES_AGGRESSIVE;
				GCC_WARN_UNUSED_FUNCTION = YES;
				GCC_WARN_UNUSED_VARIABLE = YES;
				MACOSX_DEPLOYMENT_TARGET = 10.12;
				MTL_ENABLE_DEBUG_INFO = NO;
				SDKROOT = macosx;
			};
			name = Release;
		};
		996FFD691EA730D9003EDC0D /* Debug */ = {
			isa = XCBuildConfiguration;
			buildSettings = {
				DEVELOPMENT_TEAM = G7CN72P9F4;
				PRODUCT_NAME = "$(TARGET_NAME)";
			};
			name = Debug;
		};
		996FFD6A1EA730D9003EDC0D /* Release */ = {
			isa = XCBuildConfiguration;
			buildSettings = {
				DEVELOPMENT_TEAM = G7CN72P9F4;
				PRODUCT_NAME = "$(TARGET_NAME)";
			};
			name = Release;
		};
/* End XCBuildConfiguration section */

/* Begin XCConfigurationList section */
		996FFD5C1EA730D9003EDC0D /* Build configuration list for PBXProject "TwiceInARow" */ = {
			isa = XCConfigurationList;
			buildConfigurations = (
				996FFD661EA730D9003EDC0D /* Debug */,
				996FFD671EA730D9003EDC0D /* Release */,
			);
			defaultConfigurationIsVisible = 0;
			defaultConfigurationName = Release;
		};
		996FFD681EA730D9003EDC0D /* Build configuration list for PBXNativeTarget "TwiceInARow" */ = {
			isa = XCConfigurationList;
			buildConfigurations = (
				996FFD691EA730D9003EDC0D /* Debug */,
				996FFD6A1EA730D9003EDC0D /* Release */,
			);
			defaultConfigurationIsVisible = 0;
			defaultConfigurationName = Release;
		};
/* End XCConfigurationList section */
	};
	rootObject = 996FFD591EA730D9003EDC0D /* Project object */;
}
